PODS:
  - Flutter (1.0.0)
  - integration_test (0.0.1):
    - Flutter
  - openpgp (0.6.0):
    - Flutter
  - rexpay (0.0.1):
    - Flutter

DEPENDENCIES:
  - Flutter (from `Flutter`)
  - integration_test (from `.symlinks/plugins/integration_test/ios`)
  - openpgp (from `.symlinks/plugins/openpgp/ios`)
  - rexpay (from `.symlinks/plugins/rexpay/ios`)

EXTERNAL SOURCES:
  Flutter:
    :path: Flutter
  integration_test:
    :path: ".symlinks/plugins/integration_test/ios"
  openpgp:
    :path: ".symlinks/plugins/openpgp/ios"
  rexpay:
    :path: ".symlinks/plugins/rexpay/ios"

SPEC CHECKSUMS:
  Flutter: f04841e97a9d0b0a8025694d0796dd46242b2854
  integration_test: 13825b8a9334a850581300559b8839134b124670
  openpgp: 5e595dddc798baf85a61f8e5556224177f87eeb0
  rexpay: 4838bb85530448f2ef0e4caccb4e62bbd2f4d1f6

PODFILE CHECKSUM: 70d9d25280d0dd177a5f637cdb0f0b0b12c6a189

COCOAPODS: 1.15.1
